
Microsoft Visual Studio Solution File, Format Version 12.00
# Visual Studio Version 17
VisualStudioVersion = 17.11.35312.102
MinimumVisualStudioVersion = 10.0.40219.1
Project("{FAE04EC0-301F-11D3-BF4B-00C04F79EFBC}") = "exercise11posta", "exercise11posta\exercise11posta.csproj", "{6DE13DCE-84C6-4ABA-B41B-4260083B32B6}"
EndProject
Global
	GlobalSection(SolutionConfigurationPlatforms) = preSolution
		Debug|Any CPU = Debug|Any CPU
		Release|Any CPU = Release|Any CPU
	EndGlobalSection
	GlobalSection(ProjectConfigurationPlatforms) = postSolution
		{6DE13DCE-84C6-4ABA-B41B-4260083B32B6}.Debug|Any CPU.ActiveCfg = Debug|Any CPU
		{6DE13DCE-84C6-4ABA-B41B-4260083B32B6}.Debug|Any CPU.Build.0 = Debug|Any CPU
		{6DE13DCE-84C6-4ABA-B41B-4260083B32B6}.Release|Any CPU.ActiveCfg = Release|Any CPU
		{6DE13DCE-84C6-4ABA-B41B-4260083B32B6}.Release|Any CPU.Build.0 = Release|Any CPU
	EndGlobalSection
	GlobalSection(SolutionProperties) = preSolution
		HideSolutionNode = FALSE
	EndGlobalSection
	GlobalSection(ExtensibilityGlobals) = postSolution
		SolutionGuid = {96463AE2-7C93-4A5F-A1D3-576FB652111F}
	EndGlobalSection
EndGlobal
